
Microsoft Visual Studio Solution File, Format Version 12.00
# Visual Studio Version 16
VisualStudioVersion = 16.0.30611.23
MinimumVisualStudioVersion = 10.0.40219.1
Project("{F2A71F9B-5D33-465A-A702-920D77279786}") = "LeetCode_NetCore", "LeetCode_NetCore.fsproj", "{BC5FE5ED-7A22-4867-9482-CA692F5C05AD}"
EndProject
Project("{FAE04EC0-301F-11D3-BF4B-00C04F79EFBC}") = "LeetCode_Net", "..\LeetCode_Net\LeetCode_Net.csproj", "{CC1C09F6-1380-496E-9722-46E8A344682B}"
EndProject
Global
	GlobalSection(SolutionConfigurationPlatforms) = preSolution
		Debug|Any CPU = Debug|Any CPU
		Release|Any CPU = Release|Any CPU
	EndGlobalSection
	GlobalSection(ProjectConfigurationPlatforms) = postSolution
		{BC5FE5ED-7A22-4867-9482-CA692F5C05AD}.Debug|Any CPU.ActiveCfg = Debug|Any CPU
		{BC5FE5ED-7A22-4867-9482-CA692F5C05AD}.Debug|Any CPU.Build.0 = Debug|Any CPU
		{BC5FE5ED-7A22-4867-9482-CA692F5C05AD}.Release|Any CPU.ActiveCfg = Release|Any CPU
		{BC5FE5ED-7A22-4867-9482-CA692F5C05AD}.Release|Any CPU.Build.0 = Release|Any CPU
		{CC1C09F6-1380-496E-9722-46E8A344682B}.Debug|Any CPU.ActiveCfg = Debug|Any CPU
		{CC1C09F6-1380-496E-9722-46E8A344682B}.Debug|Any CPU.Build.0 = Debug|Any CPU
		{CC1C09F6-1380-496E-9722-46E8A344682B}.Release|Any CPU.ActiveCfg = Release|Any CPU
		{CC1C09F6-1380-496E-9722-46E8A344682B}.Release|Any CPU.Build.0 = Release|Any CPU
	EndGlobalSection
	GlobalSection(SolutionProperties) = preSolution
		HideSolutionNode = FALSE
	EndGlobalSection
	GlobalSection(ExtensibilityGlobals) = postSolution
		SolutionGuid = {022D7157-1957-41F0-9325-275BE252DF48}
	EndGlobalSection
EndGlobal
